
Microsoft Visual Studio Solution File, Format Version 12.00
# Visual Studio Version 17
VisualStudioVersion = 17.13.35931.197 d17.13
MinimumVisualStudioVersion = 10.0.40219.1
Project("{FAE04EC0-301F-11D3-BF4B-00C04F79EFBC}") = "ProductWebApplicationM27", "ProductWebApplicationM27\ProductWebApplicationM27.csproj", "{6BDB811A-3282-4647-A359-45F90BC07824}"
EndProject
Global
	GlobalSection(SolutionConfigurationPlatforms) = preSolution
		Debug|Any CPU = Debug|Any CPU
		Release|Any CPU = Release|Any CPU
	EndGlobalSection
	GlobalSection(ProjectConfigurationPlatforms) = postSolution
		{6BDB811A-3282-4647-A359-45F90BC07824}.Debug|Any CPU.ActiveCfg = Debug|Any CPU
		{6BDB811A-3282-4647-A359-45F90BC07824}.Debug|Any CPU.Build.0 = Debug|Any CPU
		{6BDB811A-3282-4647-A359-45F90BC07824}.Release|Any CPU.ActiveCfg = Release|Any CPU
		{6BDB811A-3282-4647-A359-45F90BC07824}.Release|Any CPU.Build.0 = Release|Any CPU
	EndGlobalSection
	GlobalSection(SolutionProperties) = preSolution
		HideSolutionNode = FALSE
	EndGlobalSection
	GlobalSection(ExtensibilityGlobals) = postSolution
		SolutionGuid = {A33A19D5-4E01-444A-98CA-75DDB4B9B5F8}
	EndGlobalSection
EndGlobal
