
Microsoft Visual Studio Solution File, Format Version 12.00
# Visual Studio Version 17
VisualStudioVersion = 17.13.35931.197 d17.13
MinimumVisualStudioVersion = 10.0.40219.1
Project("{FAE04EC0-301F-11D3-BF4B-00C04F79EFBC}") = "EmployeeManagementSystem", "EmployeeManagementSystem\EmployeeManagementSystem.csproj", "{ECAB9C47-A61F-4491-93A2-50E27BCA8C78}"
EndProject
Global
	GlobalSection(SolutionConfigurationPlatforms) = preSolution
		Debug|Any CPU = Debug|Any CPU
		Release|Any CPU = Release|Any CPU
	EndGlobalSection
	GlobalSection(ProjectConfigurationPlatforms) = postSolution
		{ECAB9C47-A61F-4491-93A2-50E27BCA8C78}.Debug|Any CPU.ActiveCfg = Debug|Any CPU
		{ECAB9C47-A61F-4491-93A2-50E27BCA8C78}.Debug|Any CPU.Build.0 = Debug|Any CPU
		{ECAB9C47-A61F-4491-93A2-50E27BCA8C78}.Release|Any CPU.ActiveCfg = Release|Any CPU
		{ECAB9C47-A61F-4491-93A2-50E27BCA8C78}.Release|Any CPU.Build.0 = Release|Any CPU
	EndGlobalSection
	GlobalSection(SolutionProperties) = preSolution
		HideSolutionNode = FALSE
	EndGlobalSection
	GlobalSection(ExtensibilityGlobals) = postSolution
		SolutionGuid = {6C8F6186-62FE-49F9-9DF9-1F71AFA51D03}
	EndGlobalSection
EndGlobal
